
Microsoft Visual Studio Solution File, Format Version 12.00
# Visual Studio 2013
VisualStudioVersion = 12.0.31101.0
MinimumVisualStudioVersion = 10.0.40219.1
Project("{FAE04EC0-301F-11D3-BF4B-00C04F79EFBC}") = "WeWork", "WeWork\WeWork.csproj", "{D6CE2F8F-DC24-4AC6-A9BC-ED1677825C8A}"
EndProject
Project("{FAE04EC0-301F-11D3-BF4B-00C04F79EFBC}") = "WeWork.API", "WeWork.API\WeWork.API.csproj", "{057F12DF-B4B3-41D6-A491-F016EDE92B29}"
EndProject
Global
	GlobalSection(SolutionConfigurationPlatforms) = preSolution
		Debug|Any CPU = Debug|Any CPU
		Release|Any CPU = Release|Any CPU
	EndGlobalSection
	GlobalSection(ProjectConfigurationPlatforms) = postSolution
		{D6CE2F8F-DC24-4AC6-A9BC-ED1677825C8A}.Debug|Any CPU.ActiveCfg = Debug|Any CPU
		{D6CE2F8F-DC24-4AC6-A9BC-ED1677825C8A}.Debug|Any CPU.Build.0 = Debug|Any CPU
		{D6CE2F8F-DC24-4AC6-A9BC-ED1677825C8A}.Release|Any CPU.ActiveCfg = Release|Any CPU
		{D6CE2F8F-DC24-4AC6-A9BC-ED1677825C8A}.Release|Any CPU.Build.0 = Release|Any CPU
		{057F12DF-B4B3-41D6-A491-F016EDE92B29}.Debug|Any CPU.ActiveCfg = Debug|Any CPU
		{057F12DF-B4B3-41D6-A491-F016EDE92B29}.Debug|Any CPU.Build.0 = Debug|Any CPU
		{057F12DF-B4B3-41D6-A491-F016EDE92B29}.Release|Any CPU.ActiveCfg = Release|Any CPU
		{057F12DF-B4B3-41D6-A491-F016EDE92B29}.Release|Any CPU.Build.0 = Release|Any CPU
	EndGlobalSection
	GlobalSection(SolutionProperties) = preSolution
		HideSolutionNode = FALSE
	EndGlobalSection
EndGlobal
